
Microsoft Visual Studio Solution File, Format Version 12.00
# Visual Studio Version 17
VisualStudioVersion = 17.10.34916.146
MinimumVisualStudioVersion = 10.0.40219.1
Project("{FAE04EC0-301F-11D3-BF4B-00C04F79EFBC}") = "AuthenticationApp", "AuthenticationApp\AuthenticationApp.csproj", "{EB5B70EC-3953-49F8-9F8E-72D1F5077E40}"
EndProject
Global
	GlobalSection(SolutionConfigurationPlatforms) = preSolution
		Debug|Any CPU = Debug|Any CPU
		Release|Any CPU = Release|Any CPU
	EndGlobalSection
	GlobalSection(ProjectConfigurationPlatforms) = postSolution
		{EB5B70EC-3953-49F8-9F8E-72D1F5077E40}.Debug|Any CPU.ActiveCfg = Debug|Any CPU
		{EB5B70EC-3953-49F8-9F8E-72D1F5077E40}.Debug|Any CPU.Build.0 = Debug|Any CPU
		{EB5B70EC-3953-49F8-9F8E-72D1F5077E40}.Release|Any CPU.ActiveCfg = Release|Any CPU
		{EB5B70EC-3953-49F8-9F8E-72D1F5077E40}.Release|Any CPU.Build.0 = Release|Any CPU
	EndGlobalSection
	GlobalSection(SolutionProperties) = preSolution
		HideSolutionNode = FALSE
	EndGlobalSection
	GlobalSection(ExtensibilityGlobals) = postSolution
		SolutionGuid = {41F2DECC-6303-4F80-A2A7-02132C1F2FCE}
	EndGlobalSection
EndGlobal
